// !$*UTF8*$!
{
	archiveVersion = 1;
	classes = {
	};
	objectVersion = 56;
	objects = {

/* Begin PBXBuildFile section */
		C29CB4C92A137C7F00BA86F8 /* ReminderTaskApp.swift in Sources */ = {isa = PBXBuildFile; fileRef = C29CB4C82A137C7F00BA86F8 /* ReminderTaskApp.swift */; };
		C29CB4CB2A137C7F00BA86F8 /* ContentView.swift in Sources */ = {isa = PBXBuildFile; fileRef = C29CB4CA2A137C7F00BA86F8 /* ContentView.swift */; };
		C29CB4CD2A137C8000BA86F8 /* Assets.xcassets in Resources */ = {isa = PBXBuildFile; fileRef = C29CB4CC2A137C8000BA86F8 /* Assets.xcassets */; };
		C29CB4D02A137C8000BA86F8 /* Preview Assets.xcassets in Resources */ = {isa = PBXBuildFile; fileRef = C29CB4CF2A137C8000BA86F8 /* Preview Assets.xcassets */; };
		C29CB4DA2A137C8100BA86F8 /* ReminderTaskTests.swift in Sources */ = {isa = PBXBuildFile; fileRef = C29CB4D92A137C8100BA86F8 /* ReminderTaskTests.swift */; };
		C29CB4E42A137C8100BA86F8 /* ReminderTaskUITests.swift in Sources */ = {isa = PBXBuildFile; fileRef = C29CB4E32A137C8100BA86F8 /* ReminderTaskUITests.swift */; };
		C29CB4E62A137C8100BA86F8 /* ReminderTaskUITestsLaunchTests.swift in Sources */ = {isa = PBXBuildFile; fileRef = C29CB4E52A137C8100BA86F8 /* ReminderTaskUITestsLaunchTests.swift */; };
		C29CB4F32A137D5A00BA86F8 /* Task.swift in Sources */ = {isa = PBXBuildFile; fileRef = C29CB4F22A137D5900BA86F8 /* Task.swift */; };
		C29CB4F52A137EC300BA86F8 /* TaskManager.swift in Sources */ = {isa = PBXBuildFile; fileRef = C29CB4F42A137EC300BA86F8 /* TaskManager.swift */; };
		C29CB4F72A137F0C00BA86F8 /* SceneDelegate.swift in Sources */ = {isa = PBXBuildFile; fileRef = C29CB4F62A137F0B00BA86F8 /* SceneDelegate.swift */; };
/* End PBXBuildFile section */

/* Begin PBXContainerItemProxy section */
		C29CB4D62A137C8100BA86F8 /* PBXContainerItemProxy */ = {
			isa = PBXContainerItemProxy;
			containerPortal = C29CB4BD2A137C7F00BA86F8 /* Project object */;
			proxyType = 1;
			remoteGlobalIDString = C29CB4C42A137C7F00BA86F8;
			remoteInfo = ReminderTask;
		};
		C29CB4E02A137C8100BA86F8 /* PBXContainerItemProxy */ = {
			isa = PBXContainerItemProxy;
			containerPortal = C29CB4BD2A137C7F00BA86F8 /* Project object */;
			proxyType = 1;
			remoteGlobalIDString = C29CB4C42A137C7F00BA86F8;
			remoteInfo = ReminderTask;
		};
/* End PBXContainerItemProxy section */

/* Begin PBXFileReference section */
		C29CB4C52A137C7F00BA86F8 /* ReminderTask.app */ = {isa = PBXFileReference; explicitFileType = wrapper.application; includeInIndex = 0; path = ReminderTask.app; sourceTree = BUILT_PRODUCTS_DIR; };
		C29CB4C82A137C7F00BA86F8 /* ReminderTaskApp.swift */ = {isa = PBXFileReference; lastKnownFileType = sourcecode.swift; path = ReminderTaskApp.swift; sourceTree = "<group>"; };
		C29CB4CA2A137C7F00BA86F8 /* ContentView.swift */ = {isa = PBXFileReference; lastKnownFileType = sourcecode.swift; path = ContentView.swift; sourceTree = "<group>"; };
		C29CB4CC2A137C8000BA86F8 /* Assets.xcassets */ = {isa = PBXFileReference; lastKnownFileType = folder.assetcatalog; path = Assets.xcassets; sourceTree = "<group>"; };
		C29CB4CF2A137C8000BA86F8 /* Preview Assets.xcassets */ = {isa = PBXFileReference; lastKnownFileType = folder.assetcatalog; path = "Preview Assets.xcassets"; sourceTree = "<group>"; };
		C29CB4D52A137C8100BA86F8 /* ReminderTaskTests.xctest */ = {isa = PBXFileReference; explicitFileType = wrapper.cfbundle; includeInIndex = 0; path = ReminderTaskTests.xctest; sourceTree = BUILT_PRODUCTS_DIR; };
		C29CB4D92A137C8100BA86F8 /* ReminderTaskTests.swift */ = {isa = PBXFileReference; lastKnownFileType = sourcecode.swift; path = ReminderTaskTests.swift; sourceTree = "<group>"; };
		C29CB4DF2A137C8100BA86F8 /* ReminderTaskUITests.xctest */ = {isa = PBXFileReference; explicitFileType = wrapper.cfbundle; includeInIndex = 0; path = ReminderTaskUITests.xctest; sourceTree = BUILT_PRODUCTS_DIR; };
		C29CB4E32A137C8100BA86F8 /* ReminderTaskUITests.swift */ = {isa = PBXFileReference; lastKnownFileType = sourcecode.swift; path = ReminderTaskUITests.swift; sourceTree = "<group>"; };
		C29CB4E52A137C8100BA86F8 /* ReminderTaskUITestsLaunchTests.swift */ = {isa = PBXFileReference; lastKnownFileType = sourcecode.swift; path = ReminderTaskUITestsLaunchTests.swift; sourceTree = "<group>"; };
		C29CB4F22A137D5900BA86F8 /* Task.swift */ = {isa = PBXFileReference; lastKnownFileType = sourcecode.swift; path = Task.swift; sourceTree = "<group>"; };
		C29CB4F42A137EC300BA86F8 /* TaskManager.swift */ = {isa = PBXFileReference; lastKnownFileType = sourcecode.swift; path = TaskManager.swift; sourceTree = "<group>"; };
		C29CB4F62A137F0B00BA86F8 /* SceneDelegate.swift */ = {isa = PBXFileReference; lastKnownFileType = sourcecode.swift; path = SceneDelegate.swift; sourceTree = "<group>"; };
/* End PBXFileReference section */

/* Begin PBXFrameworksBuildPhase section */
		C29CB4C22A137C7F00BA86F8 /* Frameworks */ = {
			isa = PBXFrameworksBuildPhase;
			buildActionMask = 2147483647;
			files = (
			);
			runOnlyForDeploymentPostprocessing = 0;
		};
		C29CB4D22A137C8100BA86F8 /* Frameworks */ = {
			isa = PBXFrameworksBuildPhase;
			buildActionMask = 2147483647;
			files = (
			);
			runOnlyForDeploymentPostprocessing = 0;
		};
		C29CB4DC2A137C8100BA86F8 /* Frameworks */ = {
			isa = PBXFrameworksBuildPhase;
			buildActionMask = 2147483647;
			files = (
			);
			runOnlyForDeploymentPostprocessing = 0;
		};
/* End PBXFrameworksBuildPhase section */

/* Begin PBXGroup section */
		C29CB4BC2A137C7F00BA86F8 = {
			isa = PBXGroup;
			children = (
				C29CB4C72A137C7F00BA86F8 /* ReminderTask */,
				C29CB4D82A137C8100BA86F8 /* ReminderTaskTests */,
				C29CB4E22A137C8100BA86F8 /* ReminderTaskUITests */,
				C29CB4C62A137C7F00BA86F8 /* Products */,
			);
			sourceTree = "<group>";
		};
		C29CB4C62A137C7F00BA86F8 /* Products */ = {
			isa = PBXGroup;
			children = (
				C29CB4C52A137C7F00BA86F8 /* ReminderTask.app */,
				C29CB4D52A137C8100BA86F8 /* ReminderTaskTests.xctest */,
				C29CB4DF2A137C8100BA86F8 /* ReminderTaskUITests.xctest */,
			);
			name = Products;
			sourceTree = "<group>";
		};
		C29CB4C72A137C7F00BA86F8 /* ReminderTask */ = {
			isa = PBXGroup;
			children = (
				C29CB4C82A137C7F00BA86F8 /* ReminderTaskApp.swift */,
				C29CB4F22A137D5900BA86F8 /* Task.swift */,
				C29CB4F42A137EC300BA86F8 /* TaskManager.swift */,
				C29CB4CA2A137C7F00BA86F8 /* ContentView.swift */,
				C29CB4F62A137F0B00BA86F8 /* SceneDelegate.swift */,
				C29CB4CC2A137C8000BA86F8 /* Assets.xcassets */,
				C29CB4CE2A137C8000BA86F8 /* Preview Content */,
			);
			path = ReminderTask;
			sourceTree = "<group>";
		};
		C29CB4CE2A137C8000BA86F8 /* Preview Content */ = {
			isa = PBXGroup;
			children = (
				C29CB4CF2A137C8000BA86F8 /* Preview Assets.xcassets */,
			);
			path = "Preview Content";
			sourceTree = "<group>";
		};
		C29CB4D82A137C8100BA86F8 /* ReminderTaskTests */ = {
			isa = PBXGroup;
			children = (
				C29CB4D92A137C8100BA86F8 /* ReminderTaskTests.swift */,
			);
			path = ReminderTaskTests;
			sourceTree = "<group>";
		};
		C29CB4E22A137C8100BA86F8 /* ReminderTaskUITests */ = {
			isa = PBXGroup;
			children = (
				C29CB4E32A137C8100BA86F8 /* ReminderTaskUITests.swift */,
				C29CB4E52A137C8100BA86F8 /* ReminderTaskUITestsLaunchTests.swift */,
			);
			path = ReminderTaskUITests;
			sourceTree = "<group>";
		};
/* End PBXGroup section */

/* Begin PBXNativeTarget section */
		C29CB4C42A137C7F00BA86F8 /* ReminderTask */ = {
			isa = PBXNativeTarget;
			buildConfigurationList = C29CB4E92A137C8100BA86F8 /* Build configuration list for PBXNativeTarget "ReminderTask" */;
			buildPhases = (
				C29CB4C12A137C7F00BA86F8 /* Sources */,
				C29CB4C22A137C7F00BA86F8 /* Frameworks */,
				C29CB4C32A137C7F00BA86F8 /* Resources */,
			);
			buildRules = (
			);
			dependencies = (
			);
			name = ReminderTask;
			productName = ReminderTask;
			productReference = C29CB4C52A137C7F00BA86F8 /* ReminderTask.app */;
			productType = "com.apple.product-type.application";
		};
		C29CB4D42A137C8100BA86F8 /* ReminderTaskTests */ = {
			isa = PBXNativeTarget;
			buildConfigurationList = C29CB4EC2A137C8100BA86F8 /* Build configuration list for PBXNativeTarget "ReminderTaskTests" */;
			buildPhases = (
				C29CB4D12A137C8100BA86F8 /* Sources */,
				C29CB4D22A137C8100BA86F8 /* Frameworks */,
				C29CB4D32A137C8100BA86F8 /* Resources */,
			);
			buildRules = (
			);
			dependencies = (
				C29CB4D72A137C8100BA86F8 /* PBXTargetDependency */,
			);
			name = ReminderTaskTests;
			productName = ReminderTaskTests;
			productReference = C29CB4D52A137C8100BA86F8 /* ReminderTaskTests.xctest */;
			productType = "com.apple.product-type.bundle.unit-test";
		};
		C29CB4DE2A137C8100BA86F8 /* ReminderTaskUITests */ = {
			isa = PBXNativeTarget;
			buildConfigurationList = C29CB4EF2A137C8100BA86F8 /* Build configuration list for PBXNativeTarget "ReminderTaskUITests" */;
			buildPhases = (
				C29CB4DB2A137C8100BA86F8 /* Sources */,
				C29CB4DC2A137C8100BA86F8 /* Frameworks */,
				C29CB4DD2A137C8100BA86F8 /* Resources */,
			);
			buildRules = (
			);
			dependencies = (
				C29CB4E12A137C8100BA86F8 /* PBXTargetDependency */,
			);
			name = ReminderTaskUITests;
			productName = ReminderTaskUITests;
			productReference = C29CB4DF2A137C8100BA86F8 /* ReminderTaskUITests.xctest */;
			productType = "com.apple.product-type.bundle.ui-testing";
		};
/* End PBXNativeTarget section */

/* Begin PBXProject section */
		C29CB4BD2A137C7F00BA86F8 /* Project object */ = {
			isa = PBXProject;
			attributes = {
				BuildIndependentTargetsInParallel = 1;
				LastSwiftUpdateCheck = 1430;
				LastUpgradeCheck = 1430;
				TargetAttributes = {
					C29CB4C42A137C7F00BA86F8 = {
						CreatedOnToolsVersion = 14.3;
					};
					C29CB4D42A137C8100BA86F8 = {
						CreatedOnToolsVersion = 14.3;
						TestTargetID = C29CB4C42A137C7F00BA86F8;
					};
					C29CB4DE2A137C8100BA86F8 = {
						CreatedOnToolsVersion = 14.3;
						TestTargetID = C29CB4C42A137C7F00BA86F8;
					};
				};
			};
			buildConfigurationList = C29CB4C02A137C7F00BA86F8 /* Build configuration list for PBXProject "ReminderTask" */;
			compatibilityVersion = "Xcode 14.0";
			developmentRegion = en;
			hasScannedForEncodings = 0;
			knownRegions = (
				en,
				Base,
			);
			mainGroup = C29CB4BC2A137C7F00BA86F8;
			productRefGroup = C29CB4C62A137C7F00BA86F8 /* Products */;
			projectDirPath = "";
			projectRoot = "";
			targets = (
				C29CB4C42A137C7F00BA86F8 /* ReminderTask */,
				C29CB4D42A137C8100BA86F8 /* ReminderTaskTests */,
				C29CB4DE2A137C8100BA86F8 /* ReminderTaskUITests */,
			);
		};
/* End PBXProject section */

/* Begin PBXResourcesBuildPhase section */
		C29CB4C32A137C7F00BA86F8 /* Resources */ = {
			isa = PBXResourcesBuildPhase;
			buildActionMask = 2147483647;
			files = (
				C29CB4D02A137C8000BA86F8 /* Preview Assets.xcassets in Resources */,
				C29CB4CD2A137C8000BA86F8 /* Assets.xcassets in Resources */,
			);
			runOnlyForDeploymentPostprocessing = 0;
		};
		C29CB4D32A137C8100BA86F8 /* Resources */ = {
			isa = PBXResourcesBuildPhase;
			buildActionMask = 2147483647;
			files = (
			);
			runOnlyForDeploymentPostprocessing = 0;
		};
		C29CB4DD2A137C8100BA86F8 /* Resources */ = {
			isa = PBXResourcesBuildPhase;
			buildActionMask = 2147483647;
			files = (
			);
			runOnlyForDeploymentPostprocessing = 0;
		};
/* End PBXResourcesBuildPhase section */

/* Begin PBXSourcesBuildPhase section */
		C29CB4C12A137C7F00BA86F8 /* Sources */ = {
			isa = PBXSourcesBuildPhase;
			buildActionMask = 2147483647;
			files = (
				C29CB4F72A137F0C00BA86F8 /* SceneDelegate.swift in Sources */,
				C29CB4CB2A137C7F00BA86F8 /* ContentView.swift in Sources */,
				C29CB4F32A137D5A00BA86F8 /* Task.swift in Sources */,
				C29CB4F52A137EC300BA86F8 /* TaskManager.swift in Sources */,
				C29CB4C92A137C7F00BA86F8 /* ReminderTaskApp.swift in Sources */,
			);
			runOnlyForDeploymentPostprocessing = 0;
		};
		C29CB4D12A137C8100BA86F8 /* Sources */ = {
			isa = PBXSourcesBuildPhase;
			buildActionMask = 2147483647;
			files = (
				C29CB4DA2A137C8100BA86F8 /* ReminderTaskTests.swift in Sources */,
			);
			runOnlyForDeploymentPostprocessing = 0;
		};
		C29CB4DB2A137C8100BA86F8 /* Sources */ = {
			isa = PBXSourcesBuildPhase;
			buildActionMask = 2147483647;
			files = (
				C29CB4E42A137C8100BA86F8 /* ReminderTaskUITests.swift in Sources */,
				C29CB4E62A137C8100BA86F8 /* ReminderTaskUITestsLaunchTests.swift in Sources */,
			);
			runOnlyForDeploymentPostprocessing = 0;
		};
/* End PBXSourcesBuildPhase section */

/* Begin PBXTargetDependency section */
		C29CB4D72A137C8100BA86F8 /* PBXTargetDependency */ = {
			isa = PBXTargetDependency;
			target = C29CB4C42A137C7F00BA86F8 /* ReminderTask */;
			targetProxy = C29CB4D62A137C8100BA86F8 /* PBXContainerItemProxy */;
		};
		C29CB4E12A137C8100BA86F8 /* PBXTargetDependency */ = {
			isa = PBXTargetDependency;
			target = C29CB4C42A137C7F00BA86F8 /* ReminderTask */;
			targetProxy = C29CB4E02A137C8100BA86F8 /* PBXContainerItemProxy */;
		};
/* End PBXTargetDependency section */

/* Begin XCBuildConfiguration section */
		C29CB4E72A137C8100BA86F8 /* Debug */ = {
			isa = XCBuildConfiguration;
			buildSettings = {
				ALWAYS_SEARCH_USER_PATHS = NO;
				CLANG_ANALYZER_NONNULL = YES;
				CLANG_ANALYZER_NUMBER_OBJECT_CONVERSION = YES_AGGRESSIVE;
				CLANG_CXX_LANGUAGE_STANDARD = "gnu++20";
				CLANG_ENABLE_MODULES = YES;
				CLANG_ENABLE_OBJC_ARC = YES;
				CLANG_ENABLE_OBJC_WEAK = YES;
				CLANG_WARN_BLOCK_CAPTURE_AUTORELEASING = YES;
				CLANG_WARN_BOOL_CONVERSION = YES;
				CLANG_WARN_COMMA = YES;
				CLANG_WARN_CONSTANT_CONVERSION = YES;
				CLANG_WARN_DEPRECATED_OBJC_IMPLEMENTATIONS = YES;
				CLANG_WARN_DIRECT_OBJC_ISA_USAGE = YES_ERROR;
				CLANG_WARN_DOCUMENTATION_COMMENTS = YES;
				CLANG_WARN_EMPTY_BODY = YES;
				CLANG_WARN_ENUM_CONVERSION = YES;
				CLANG_WARN_INFINITE_RECURSION = YES;
				CLANG_WARN_INT_CONVERSION = YES;
				CLANG_WARN_NON_LITERAL_NULL_CONVERSION = YES;
				CLANG_WARN_OBJC_IMPLICIT_RETAIN_SELF = YES;
				CLANG_WARN_OBJC_LITERAL_CONVERSION = YES;
				CLANG_WARN_OBJC_ROOT_CLASS = YES_ERROR;
				CLANG_WARN_QUOTED_INCLUDE_IN_FRAMEWORK_HEADER = YES;
				CLANG_WARN_RANGE_LOOP_ANALYSIS = YES;
				CLANG_WARN_STRICT_PROTOTYPES = YES;
				CLANG_WARN_SUSPICIOUS_MOVE = YES;
				CLANG_WARN_UNGUARDED_AVAILABILITY = YES_AGGRESSIVE;
				CLANG_WARN_UNREACHABLE_CODE = YES;
				CLANG_WARN__DUPLICATE_METHOD_MATCH = YES;
				COPY_PHASE_STRIP = NO;
				DEBUG_INFORMATION_FORMAT = dwarf;
				ENABLE_STRICT_OBJC_MSGSEND = YES;
				ENABLE_TESTABILITY = YES;
				GCC_C_LANGUAGE_STANDARD = gnu11;
				GCC_DYNAMIC_NO_PIC = NO;
				GCC_NO_COMMON_BLOCKS = YES;
				GCC_OPTIMIZATION_LEVEL = 0;
				GCC_PREPROCESSOR_DEFINITIONS = (
					"DEBUG=1",
					"$(inherited)",
				);
				GCC_WARN_64_TO_32_BIT_CONVERSION = YES;
				GCC_WARN_ABOUT_RETURN_TYPE = YES_ERROR;
				GCC_WARN_UNDECLARED_SELECTOR = YES;
				GCC_WARN_UNINITIALIZED_AUTOS = YES_AGGRESSIVE;
				GCC_WARN_UNUSED_FUNCTION = YES;
				GCC_WARN_UNUSED_VARIABLE = YES;
				IPHONEOS_DEPLOYMENT_TARGET = 16.4;
				MTL_ENABLE_DEBUG_INFO = INCLUDE_SOURCE;
				MTL_FAST_MATH = YES;
				ONLY_ACTIVE_ARCH = YES;
				SDKROOT = iphoneos;
				SWIFT_ACTIVE_COMPILATION_CONDITIONS = DEBUG;
				SWIFT_OPTIMIZATION_LEVEL = "-Onone";
			};
			name = Debug;
		};
		C29CB4E82A137C8100BA86F8 /* Release */ = {
			isa = XCBuildConfiguration;
			buildSettings = {
				ALWAYS_SEARCH_USER_PATHS = NO;
				CLANG_ANALYZER_NONNULL = YES;
				CLANG_ANALYZER_NUMBER_OBJECT_CONVERSION = YES_AGGRESSIVE;
				CLANG_CXX_LANGUAGE_STANDARD = "gnu++20";
				CLANG_ENABLE_MODULES = YES;
				CLANG_ENABLE_OBJC_ARC = YES;
				CLANG_ENABLE_OBJC_WEAK = YES;
				CLANG_WARN_BLOCK_CAPTURE_AUTORELEASING = YES;
				CLANG_WARN_BOOL_CONVERSION = YES;
				CLANG_WARN_COMMA = YES;
				CLANG_WARN_CONSTANT_CONVERSION = YES;
				CLANG_WARN_DEPRECATED_OBJC_IMPLEMENTATIONS = YES;
				CLANG_WARN_DIRECT_OBJC_ISA_USAGE = YES_ERROR;
				CLANG_WARN_DOCUMENTATION_COMMENTS = YES;
				CLANG_WARN_EMPTY_BODY = YES;
				CLANG_WARN_ENUM_CONVERSION = YES;
				CLANG_WARN_INFINITE_RECURSION = YES;
				CLANG_WARN_INT_CONVERSION = YES;
				CLANG_WARN_NON_LITERAL_NULL_CONVERSION = YES;
				CLANG_WARN_OBJC_IMPLICIT_RETAIN_SELF = YES;
				CLANG_WARN_OBJC_LITERAL_CONVERSION = YES;
				CLANG_WARN_OBJC_ROOT_CLASS = YES_ERROR;
				CLANG_WARN_QUOTED_INCLUDE_IN_FRAMEWORK_HEADER = YES;
				CLANG_WARN_RANGE_LOOP_ANALYSIS = YES;
				CLANG_WARN_STRICT_PROTOTYPES = YES;
				CLANG_WARN_SUSPICIOUS_MOVE = YES;
				CLANG_WARN_UNGUARDED_AVAILABILITY = YES_AGGRESSIVE;
				CLANG_WARN_UNREACHABLE_CODE = YES;
				CLANG_WARN__DUPLICATE_METHOD_MATCH = YES;
				COPY_PHASE_STRIP = NO;
				DEBUG_INFORMATION_FORMAT = "dwarf-with-dsym";
				ENABLE_NS_ASSERTIONS = NO;
				ENABLE_STRICT_OBJC_MSGSEND = YES;
				GCC_C_LANGUAGE_STANDARD = gnu11;
				GCC_NO_COMMON_BLOCKS = YES;
				GCC_WARN_64_TO_32_BIT_CONVERSION = YES;
				GCC_WARN_ABOUT_RETURN_TYPE = YES_ERROR;
				GCC_WARN_UNDECLARED_SELECTOR = YES;
				GCC_WARN_UNINITIALIZED_AUTOS = YES_AGGRESSIVE;
				GCC_WARN_UNUSED_FUNCTION = YES;
				GCC_WARN_UNUSED_VARIABLE = YES;
				IPHONEOS_DEPLOYMENT_TARGET = 16.4;
				MTL_ENABLE_DEBUG_INFO = NO;
				MTL_FAST_MATH = YES;
				SDKROOT = iphoneos;
				SWIFT_COMPILATION_MODE = wholemodule;
				SWIFT_OPTIMIZATION_LEVEL = "-O";
				VALIDATE_PRODUCT = YES;
			};
			name = Release;
		};
		C29CB4EA2A137C8100BA86F8 /* Debug */ = {
			isa = XCBuildConfiguration;
			buildSettings = {
				ASSETCATALOG_COMPILER_APPICON_NAME = AppIcon;
				ASSETCATALOG_COMPILER_GLOBAL_ACCENT_COLOR_NAME = AccentColor;
				CODE_SIGN_STYLE = Automatic;
				CURRENT_PROJECT_VERSION = 1;
				DEVELOPMENT_ASSET_PATHS = "\"ReminderTask/Preview Content\"";
				ENABLE_PREVIEWS = YES;
				GENERATE_INFOPLIST_FILE = YES;
				INFOPLIST_KEY_UIApplicationSceneManifest_Generation = YES;
				INFOPLIST_KEY_UIApplicationSupportsIndirectInputEvents = YES;
				INFOPLIST_KEY_UILaunchScreen_Generation = YES;
				INFOPLIST_KEY_UISupportedInterfaceOrientations_iPad = "UIInterfaceOrientationPortrait UIInterfaceOrientationPortraitUpsideDown UIInterfaceOrientationLandscapeLeft UIInterfaceOrientationLandscapeRight";
				INFOPLIST_KEY_UISupportedInterfaceOrientations_iPhone = "UIInterfaceOrientationPortrait UIInterfaceOrientationLandscapeLeft UIInterfaceOrientationLandscapeRight";
				LD_RUNPATH_SEARCH_PATHS = (
					"$(inherited)",
					"@executable_path/Frameworks",
				);
				MARKETING_VERSION = 1.0;
				PRODUCT_BUNDLE_IDENTIFIER = tia.ReminderTask;
				PRODUCT_NAME = "$(TARGET_NAME)";
				SWIFT_EMIT_LOC_STRINGS = YES;
				SWIFT_VERSION = 5.0;
				TARGETED_DEVICE_FAMILY = "1,2";
			};
			name = Debug;
		};
		C29CB4EB2A137C8100BA86F8 /* Release */ = {
			isa = XCBuildConfiguration;
			buildSettings = {
				ASSETCATALOG_COMPILER_APPICON_NAME = AppIcon;
				ASSETCATALOG_COMPILER_GLOBAL_ACCENT_COLOR_NAME = AccentColor;
				CODE_SIGN_STYLE = Automatic;
				CURRENT_PROJECT_VERSION = 1;
				DEVELOPMENT_ASSET_PATHS = "\"ReminderTask/Preview Content\"";
				ENABLE_PREVIEWS = YES;
				GENERATE_INFOPLIST_FILE = YES;
				INFOPLIST_KEY_UIApplicationSceneManifest_Generation = YES;
				INFOPLIST_KEY_UIApplicationSupportsIndirectInputEvents = YES;
				INFOPLIST_KEY_UILaunchScreen_Generation = YES;
				INFOPLIST_KEY_UISupportedInterfaceOrientations_iPad = "UIInterfaceOrientationPortrait UIInterfaceOrientationPortraitUpsideDown UIInterfaceOrientationLandscapeLeft UIInterfaceOrientationLandscapeRight";
				INFOPLIST_KEY_UISupportedInterfaceOrientations_iPhone = "UIInterfaceOrientationPortrait UIInterfaceOrientationLandscapeLeft UIInterfaceOrientationLandscapeRight";
				LD_RUNPATH_SEARCH_PATHS = (
					"$(inherited)",
					"@executable_path/Frameworks",
				);
				MARKETING_VERSION = 1.0;
				PRODUCT_BUNDLE_IDENTIFIER = tia.ReminderTask;
				PRODUCT_NAME = "$(TARGET_NAME)";
				SWIFT_EMIT_LOC_STRINGS = YES;
				SWIFT_VERSION = 5.0;
				TARGETED_DEVICE_FAMILY = "1,2";
			};
			name = Release;
		};
		C29CB4ED2A137C8100BA86F8 /* Debug */ = {
			isa = XCBuildConfiguration;
			buildSettings = {
				ALWAYS_EMBED_SWIFT_STANDARD_LIBRARIES = YES;
				BUNDLE_LOADER = "$(TEST_HOST)";
				CODE_SIGN_STYLE = Automatic;
				CURRENT_PROJECT_VERSION = 1;
				GENERATE_INFOPLIST_FILE = YES;
				IPHONEOS_DEPLOYMENT_TARGET = 16.4;
				MARKETING_VERSION = 1.0;
				PRODUCT_BUNDLE_IDENTIFIER = tia.ReminderTaskTests;
				PRODUCT_NAME = "$(TARGET_NAME)";
				SWIFT_EMIT_LOC_STRINGS = NO;
				SWIFT_VERSION = 5.0;
				TARGETED_DEVICE_FAMILY = "1,2";
				TEST_HOST = "$(BUILT_PRODUCTS_DIR)/ReminderTask.app/$(BUNDLE_EXECUTABLE_FOLDER_PATH)/ReminderTask";
			};
			name = Debug;
		};
		C29CB4EE2A137C8100BA86F8 /* Release */ = {
			isa = XCBuildConfiguration;
			buildSettings = {
				ALWAYS_EMBED_SWIFT_STANDARD_LIBRARIES = YES;
				BUNDLE_LOADER = "$(TEST_HOST)";
				CODE_SIGN_STYLE = Automatic;
				CURRENT_PROJECT_VERSION = 1;
				GENERATE_INFOPLIST_FILE = YES;
				IPHONEOS_DEPLOYMENT_TARGET = 16.4;
				MARKETING_VERSION = 1.0;
				PRODUCT_BUNDLE_IDENTIFIER = tia.ReminderTaskTests;
				PRODUCT_NAME = "$(TARGET_NAME)";
				SWIFT_EMIT_LOC_STRINGS = NO;
				SWIFT_VERSION = 5.0;
				TARGETED_DEVICE_FAMILY = "1,2";
				TEST_HOST = "$(BUILT_PRODUCTS_DIR)/ReminderTask.app/$(BUNDLE_EXECUTABLE_FOLDER_PATH)/ReminderTask";
			};
			name = Release;
		};
		C29CB4F02A137C8100BA86F8 /* Debug */ = {
			isa = XCBuildConfiguration;
			buildSettings = {
				ALWAYS_EMBED_SWIFT_STANDARD_LIBRARIES = YES;
				CODE_SIGN_STYLE = Automatic;
				CURRENT_PROJECT_VERSION = 1;
				GENERATE_INFOPLIST_FILE = YES;
				MARKETING_VERSION = 1.0;
				PRODUCT_BUNDLE_IDENTIFIER = tia.ReminderTaskUITests;
				PRODUCT_NAME = "$(TARGET_NAME)";
				SWIFT_EMIT_LOC_STRINGS = NO;
				SWIFT_VERSION = 5.0;
				TARGETED_DEVICE_FAMILY = "1,2";
				TEST_TARGET_NAME = ReminderTask;
			};
			name = Debug;
		};
		C29CB4F12A137C8100BA86F8 /* Release */ = {
			isa = XCBuildConfiguration;
			buildSettings = {
				ALWAYS_EMBED_SWIFT_STANDARD_LIBRARIES = YES;
				CODE_SIGN_STYLE = Automatic;
				CURRENT_PROJECT_VERSION = 1;
				GENERATE_INFOPLIST_FILE = YES;
				MARKETING_VERSION = 1.0;
				PRODUCT_BUNDLE_IDENTIFIER = tia.ReminderTaskUITests;
				PRODUCT_NAME = "$(TARGET_NAME)";
				SWIFT_EMIT_LOC_STRINGS = NO;
				SWIFT_VERSION = 5.0;
				TARGETED_DEVICE_FAMILY = "1,2";
				TEST_TARGET_NAME = ReminderTask;
			};
			name = Release;
		};
/* End XCBuildConfiguration section */

/* Begin XCConfigurationList section */
		C29CB4C02A137C7F00BA86F8 /* Build configuration list for PBXProject "ReminderTask" */ = {
			isa = XCConfigurationList;
			buildConfigurations = (
				C29CB4E72A137C8100BA86F8 /* Debug */,
				C29CB4E82A137C8100BA86F8 /* Release */,
			);
			defaultConfigurationIsVisible = 0;
			defaultConfigurationName = Release;
		};
		C29CB4E92A137C8100BA86F8 /* Build configuration list for PBXNativeTarget "ReminderTask" */ = {
			isa = XCConfigurationList;
			buildConfigurations = (
				C29CB4EA2A137C8100BA86F8 /* Debug */,
				C29CB4EB2A137C8100BA86F8 /* Release */,
			);
			defaultConfigurationIsVisible = 0;
			defaultConfigurationName = Release;
		};
		C29CB4EC2A137C8100BA86F8 /* Build configuration list for PBXNativeTarget "ReminderTaskTests" */ = {
			isa = XCConfigurationList;
			buildConfigurations = (
				C29CB4ED2A137C8100BA86F8 /* Debug */,
				C29CB4EE2A137C8100BA86F8 /* Release */,
			);
			defaultConfigurationIsVisible = 0;
			defaultConfigurationName = Release;
		};
		C29CB4EF2A137C8100BA86F8 /* Build configuration list for PBXNativeTarget "ReminderTaskUITests" */ = {
			isa = XCConfigurationList;
			buildConfigurations = (
				C29CB4F02A137C8100BA86F8 /* Debug */,
				C29CB4F12A137C8100BA86F8 /* Release */,
			);
			defaultConfigurationIsVisible = 0;
			defaultConfigurationName = Release;
		};
/* End XCConfigurationList section */
	};
	rootObject = C29CB4BD2A137C7F00BA86F8 /* Project object */;
}
